
Microsoft Visual Studio Solution File, Format Version 12.00
# Visual Studio Version 17
VisualStudioVersion = 17.12.35527.113 d17.12
MinimumVisualStudioVersion = 10.0.40219.1
Project("{FAE04EC0-301F-11D3-BF4B-00C04F79EFBC}") = "sgl", "sgl\sgl.csproj", "{B5B85DED-C364-4A7D-B970-A956B7C17ECD}"
EndProject
Global
	GlobalSection(SolutionConfigurationPlatforms) = preSolution
		Debug|Any CPU = Debug|Any CPU
		Release|Any CPU = Release|Any CPU
	EndGlobalSection
	GlobalSection(ProjectConfigurationPlatforms) = postSolution
		{B5B85DED-C364-4A7D-B970-A956B7C17ECD}.Debug|Any CPU.ActiveCfg = Debug|Any CPU
		{B5B85DED-C364-4A7D-B970-A956B7C17ECD}.Debug|Any CPU.Build.0 = Debug|Any CPU
		{B5B85DED-C364-4A7D-B970-A956B7C17ECD}.Release|Any CPU.ActiveCfg = Release|Any CPU
		{B5B85DED-C364-4A7D-B970-A956B7C17ECD}.Release|Any CPU.Build.0 = Release|Any CPU
	EndGlobalSection
	GlobalSection(SolutionProperties) = preSolution
		HideSolutionNode = FALSE
	EndGlobalSection
EndGlobal
